
Microsoft Visual Studio Solution File, Format Version 12.00
# Visual Studio Version 16
VisualStudioVersion = 16.0.29806.167
MinimumVisualStudioVersion = 10.0.40219.1
Project("{8BC9CEB8-8B4A-11D0-8D11-00A0C91BC942}") = "MarkovPasswords", "MarkovPasswords\MarkovPasswords.vcxproj", "{B356D85A-CAC3-4EF2-824B-59E3E49110CB}"
EndProject
Global
	GlobalSection(SolutionConfigurationPlatforms) = preSolution
		Debug|x64 = Debug|x64
		Debug|x86 = Debug|x86
		Release|x64 = Release|x64
		Release|x86 = Release|x86
	EndGlobalSection
	GlobalSection(ProjectConfigurationPlatforms) = postSolution
		{B356D85A-CAC3-4EF2-824B-59E3E49110CB}.Debug|x64.ActiveCfg = Debug|x64
		{B356D85A-CAC3-4EF2-824B-59E3E49110CB}.Debug|x64.Build.0 = Debug|x64
		{B356D85A-CAC3-4EF2-824B-59E3E49110CB}.Debug|x86.ActiveCfg = Debug|Win32
		{B356D85A-CAC3-4EF2-824B-59E3E49110CB}.Debug|x86.Build.0 = Debug|Win32
		{B356D85A-CAC3-4EF2-824B-59E3E49110CB}.Release|x64.ActiveCfg = Release|x64
		{B356D85A-CAC3-4EF2-824B-59E3E49110CB}.Release|x64.Build.0 = Release|x64
		{B356D85A-CAC3-4EF2-824B-59E3E49110CB}.Release|x86.ActiveCfg = Release|Win32
		{B356D85A-CAC3-4EF2-824B-59E3E49110CB}.Release|x86.Build.0 = Release|Win32
	EndGlobalSection
	GlobalSection(SolutionProperties) = preSolution
		HideSolutionNode = FALSE
	EndGlobalSection
	GlobalSection(ExtensibilityGlobals) = postSolution
		SolutionGuid = {B06B8420-E171-4605-81F1-86DF1D0075A3}
	EndGlobalSection
EndGlobal
