
Microsoft Visual Studio Solution File, Format Version 12.00
# Visual Studio Version 16
VisualStudioVersion = 16.0.29806.167
MinimumVisualStudioVersion = 10.0.40219.1
Project("{8BC9CEB8-8B4A-11D0-8D11-00A0C91BC942}") = "MarkovPasswords", "MarkovPasswords\MarkovPasswords.vcxproj", "{B356D85A-CAC3-4EF2-824B-59E3E49110CB}"
EndProject
Project("{8BC9CEB8-8B4A-11D0-8D11-00A0C91BC942}") = "MarkovModel", "MarkovModel\MarkovModel.vcxproj", "{A5D3FA06-3885-41F2-AD3D-F3D8FBC4C048}"
EndProject
Project("{8BC9CEB8-8B4A-11D0-8D11-00A0C91BC942}") = "MarkovPasswordsGUI", "MarkovPasswordsGUI\MarkovPasswordsGUI.vcxproj", "{A9ECF03B-D971-47D9-B0A9-D0B4A3DBB114}"
EndProject
Project("{2150E333-8FDC-42A3-9474-1A3956D46DE8}") = "Solution Items", "Solution Items", "{51EF2F95-7DD3-451E-A6FC-209FAE4ECB43}"
	ProjectSection(SolutionItems) = preProject
		..\documentation\Doxyfile = ..\documentation\Doxyfile
		..\documentation\Doxyfile-mcss = ..\documentation\Doxyfile-mcss
		..\documentation\mcss.conf.py = ..\documentation\mcss.conf.py
	EndProjectSection
EndProject
Project("{8BC9CEB8-8B4A-11D0-8D11-00A0C91BC942}") = "UnitTests", "UnitTests\UnitTests.vcxproj", "{26260E27-B240-4E67-AE52-A6919A8DBF5C}"
	ProjectSection(ProjectDependencies) = postProject
		{A5D3FA06-3885-41F2-AD3D-F3D8FBC4C048} = {A5D3FA06-3885-41F2-AD3D-F3D8FBC4C048}
	EndProjectSection
EndProject
Project("{2150E333-8FDC-42A3-9474-1A3956D46DE8}") = "Workflows", "Workflows", "{AEB3CC8A-A675-4CCA-BF3C-DA486B448C1C}"
	ProjectSection(SolutionItems) = preProject
		..\.github\workflows\msbuild.yml = ..\.github\workflows\msbuild.yml
		..\.github\workflows\Sonar-scan.yml = ..\.github\workflows\Sonar-scan.yml
	EndProjectSection
EndProject
Project("{8BC9CEB8-8B4A-11D0-8D11-00A0C91BC942}") = "markopy", "Markopy\Markopy.vcxproj", "{B3B712C9-FE83-4A38-ADF1-61B01370FF95}"
EndProject
Global
	GlobalSection(SolutionConfigurationPlatforms) = preSolution
		Debug|x64 = Debug|x64
		Debug|x86 = Debug|x86
		DLL Model|x64 = DLL Model|x64
		DLL Model|x86 = DLL Model|x86
		Lib Model|x64 = Lib Model|x64
		Lib Model|x86 = Lib Model|x86
		Release|x64 = Release|x64
		Release|x86 = Release|x86
	EndGlobalSection
	GlobalSection(ProjectConfigurationPlatforms) = postSolution
		{B356D85A-CAC3-4EF2-824B-59E3E49110CB}.Debug|x64.ActiveCfg = Debug|x64
		{B356D85A-CAC3-4EF2-824B-59E3E49110CB}.Debug|x64.Build.0 = Debug|x64
		{B356D85A-CAC3-4EF2-824B-59E3E49110CB}.Debug|x86.ActiveCfg = Debug|Win32
		{B356D85A-CAC3-4EF2-824B-59E3E49110CB}.Debug|x86.Build.0 = Debug|Win32
		{B356D85A-CAC3-4EF2-824B-59E3E49110CB}.DLL Model|x64.ActiveCfg = Debug|x64
		{B356D85A-CAC3-4EF2-824B-59E3E49110CB}.DLL Model|x64.Build.0 = Debug|x64
		{B356D85A-CAC3-4EF2-824B-59E3E49110CB}.DLL Model|x86.ActiveCfg = Debug|Win32
		{B356D85A-CAC3-4EF2-824B-59E3E49110CB}.Lib Model|x64.ActiveCfg = Release|x64
		{B356D85A-CAC3-4EF2-824B-59E3E49110CB}.Lib Model|x64.Build.0 = Release|x64
		{B356D85A-CAC3-4EF2-824B-59E3E49110CB}.Lib Model|x86.ActiveCfg = Release|Win32
		{B356D85A-CAC3-4EF2-824B-59E3E49110CB}.Release|x64.ActiveCfg = Release|x64
		{B356D85A-CAC3-4EF2-824B-59E3E49110CB}.Release|x64.Build.0 = Release|x64
		{B356D85A-CAC3-4EF2-824B-59E3E49110CB}.Release|x86.ActiveCfg = Release|Win32
		{B356D85A-CAC3-4EF2-824B-59E3E49110CB}.Release|x86.Build.0 = Release|Win32
		{A5D3FA06-3885-41F2-AD3D-F3D8FBC4C048}.Debug|x64.ActiveCfg = Debug|x64
		{A5D3FA06-3885-41F2-AD3D-F3D8FBC4C048}.Debug|x64.Build.0 = Debug|x64
		{A5D3FA06-3885-41F2-AD3D-F3D8FBC4C048}.Debug|x86.ActiveCfg = Debug|Win32
		{A5D3FA06-3885-41F2-AD3D-F3D8FBC4C048}.Debug|x86.Build.0 = Debug|Win32
		{A5D3FA06-3885-41F2-AD3D-F3D8FBC4C048}.DLL Model|x64.ActiveCfg = DLL Model|x64
		{A5D3FA06-3885-41F2-AD3D-F3D8FBC4C048}.DLL Model|x64.Build.0 = DLL Model|x64
		{A5D3FA06-3885-41F2-AD3D-F3D8FBC4C048}.DLL Model|x86.ActiveCfg = DLL Model|Win32
		{A5D3FA06-3885-41F2-AD3D-F3D8FBC4C048}.DLL Model|x86.Build.0 = DLL Model|Win32
		{A5D3FA06-3885-41F2-AD3D-F3D8FBC4C048}.Lib Model|x64.ActiveCfg = Lib Model|x64
		{A5D3FA06-3885-41F2-AD3D-F3D8FBC4C048}.Lib Model|x64.Build.0 = Lib Model|x64
		{A5D3FA06-3885-41F2-AD3D-F3D8FBC4C048}.Lib Model|x86.ActiveCfg = Lib Model|Win32
		{A5D3FA06-3885-41F2-AD3D-F3D8FBC4C048}.Lib Model|x86.Build.0 = Lib Model|Win32
		{A5D3FA06-3885-41F2-AD3D-F3D8FBC4C048}.Release|x64.ActiveCfg = DLL Model|x64
		{A5D3FA06-3885-41F2-AD3D-F3D8FBC4C048}.Release|x64.Build.0 = DLL Model|x64
		{A5D3FA06-3885-41F2-AD3D-F3D8FBC4C048}.Release|x86.ActiveCfg = Release|x64
		{A9ECF03B-D971-47D9-B0A9-D0B4A3DBB114}.Debug|x64.ActiveCfg = Debug|x64
		{A9ECF03B-D971-47D9-B0A9-D0B4A3DBB114}.Debug|x86.ActiveCfg = Debug|x64
		{A9ECF03B-D971-47D9-B0A9-D0B4A3DBB114}.DLL Model|x64.ActiveCfg = Debug|x64
		{A9ECF03B-D971-47D9-B0A9-D0B4A3DBB114}.DLL Model|x86.ActiveCfg = Debug|x64
		{A9ECF03B-D971-47D9-B0A9-D0B4A3DBB114}.DLL Model|x86.Build.0 = Debug|x64
		{A9ECF03B-D971-47D9-B0A9-D0B4A3DBB114}.Lib Model|x64.ActiveCfg = Debug|x64
		{A9ECF03B-D971-47D9-B0A9-D0B4A3DBB114}.Lib Model|x86.ActiveCfg = Debug|x64
		{A9ECF03B-D971-47D9-B0A9-D0B4A3DBB114}.Lib Model|x86.Build.0 = Debug|x64
		{A9ECF03B-D971-47D9-B0A9-D0B4A3DBB114}.Release|x64.ActiveCfg = Release|x64
		{A9ECF03B-D971-47D9-B0A9-D0B4A3DBB114}.Release|x86.ActiveCfg = Release|x64
		{26260E27-B240-4E67-AE52-A6919A8DBF5C}.Debug|x64.ActiveCfg = Debug|x64
		{26260E27-B240-4E67-AE52-A6919A8DBF5C}.Debug|x64.Build.0 = Debug|x64
		{26260E27-B240-4E67-AE52-A6919A8DBF5C}.Debug|x86.ActiveCfg = Debug|Win32
		{26260E27-B240-4E67-AE52-A6919A8DBF5C}.Debug|x86.Build.0 = Debug|Win32
		{26260E27-B240-4E67-AE52-A6919A8DBF5C}.DLL Model|x64.ActiveCfg = Debug|x64
		{26260E27-B240-4E67-AE52-A6919A8DBF5C}.DLL Model|x64.Build.0 = Debug|x64
		{26260E27-B240-4E67-AE52-A6919A8DBF5C}.DLL Model|x86.ActiveCfg = Debug|Win32
		{26260E27-B240-4E67-AE52-A6919A8DBF5C}.DLL Model|x86.Build.0 = Debug|Win32
		{26260E27-B240-4E67-AE52-A6919A8DBF5C}.Lib Model|x64.ActiveCfg = Debug|x64
		{26260E27-B240-4E67-AE52-A6919A8DBF5C}.Lib Model|x64.Build.0 = Debug|x64
		{26260E27-B240-4E67-AE52-A6919A8DBF5C}.Lib Model|x86.ActiveCfg = Debug|Win32
		{26260E27-B240-4E67-AE52-A6919A8DBF5C}.Lib Model|x86.Build.0 = Debug|Win32
		{26260E27-B240-4E67-AE52-A6919A8DBF5C}.Release|x64.ActiveCfg = Release|x64
		{26260E27-B240-4E67-AE52-A6919A8DBF5C}.Release|x86.ActiveCfg = Release|Win32
		{26260E27-B240-4E67-AE52-A6919A8DBF5C}.Release|x86.Build.0 = Release|Win32
		{B3B712C9-FE83-4A38-ADF1-61B01370FF95}.Debug|x64.ActiveCfg = Debug|x64
		{B3B712C9-FE83-4A38-ADF1-61B01370FF95}.Debug|x86.ActiveCfg = Debug|Win32
		{B3B712C9-FE83-4A38-ADF1-61B01370FF95}.Debug|x86.Build.0 = Debug|Win32
		{B3B712C9-FE83-4A38-ADF1-61B01370FF95}.DLL Model|x64.ActiveCfg = Debug|x64
		{B3B712C9-FE83-4A38-ADF1-61B01370FF95}.DLL Model|x86.ActiveCfg = Debug|Win32
		{B3B712C9-FE83-4A38-ADF1-61B01370FF95}.DLL Model|x86.Build.0 = Debug|Win32
		{B3B712C9-FE83-4A38-ADF1-61B01370FF95}.Lib Model|x64.ActiveCfg = Debug|x64
		{B3B712C9-FE83-4A38-ADF1-61B01370FF95}.Lib Model|x86.ActiveCfg = Debug|Win32
		{B3B712C9-FE83-4A38-ADF1-61B01370FF95}.Lib Model|x86.Build.0 = Debug|Win32
		{B3B712C9-FE83-4A38-ADF1-61B01370FF95}.Release|x64.ActiveCfg = Release|x64
		{B3B712C9-FE83-4A38-ADF1-61B01370FF95}.Release|x64.Build.0 = Release|x64
		{B3B712C9-FE83-4A38-ADF1-61B01370FF95}.Release|x86.ActiveCfg = Release|Win32
		{B3B712C9-FE83-4A38-ADF1-61B01370FF95}.Release|x86.Build.0 = Release|Win32
	EndGlobalSection
	GlobalSection(SolutionProperties) = preSolution
		HideSolutionNode = FALSE
	EndGlobalSection
	GlobalSection(NestedProjects) = preSolution
		{AEB3CC8A-A675-4CCA-BF3C-DA486B448C1C} = {51EF2F95-7DD3-451E-A6FC-209FAE4ECB43}
	EndGlobalSection
	GlobalSection(ExtensibilityGlobals) = postSolution
		SolutionGuid = {B06B8420-E171-4605-81F1-86DF1D0075A3}
	EndGlobalSection
EndGlobal
