<?xml version="1.0" encoding="utf-8"?>
<Project ToolsVersion="4.0" xmlns="http://schemas.microsoft.com/developer/msbuild/2003">
  <ItemGroup>
    <Filter Include="Source Files">
      <UniqueIdentifier>{4FC737F1-C7A5-4376-A066-2A32D752A2FF}</UniqueIdentifier>
      <Extensions>cpp;c;cc;cxx;c++;cppm;ixx;def;odl;idl;hpj;bat;asm;asmx</Extensions>
    </Filter>
    <Filter Include="Header Files">
      <UniqueIdentifier>{93995380-89BD-4b04-88EB-625FBE52EBFB}</UniqueIdentifier>
      <Extensions>h;hh;hpp;hxx;h++;hm;inl;inc;ipp;xsd</Extensions>
    </Filter>
    <Filter Include="Resource Files">
      <UniqueIdentifier>{67DA6AB6-F800-4c08-8B7A-83BB121AAD01}</UniqueIdentifier>
      <Extensions>rc;ico;cur;bmp;dlg;rc2;rct;bin;rgs;gif;jpg;jpeg;jpe;resx;tiff;tif;png;wav;mfcribbon-ms</Extensions>
    </Filter>
    <Filter Include="Source Files\Module">
      <UniqueIdentifier>{9d5b2d69-53e7-4ec2-9cec-6ff689eba092}</UniqueIdentifier>
    </Filter>
    <Filter Include="Source Files\CLI">
      <UniqueIdentifier>{c6f0bc14-5cba-4f99-b4b2-dc22cd3f06e7}</UniqueIdentifier>
    </Filter>
    <Filter Include="Dependencies">
      <UniqueIdentifier>{9fe04840-08b7-4f78-8ae7-6513c3349fd5}</UniqueIdentifier>
    </Filter>
    <Filter Include="Dependencies\MarkovModel">
      <UniqueIdentifier>{e1af0caf-1390-43cd-b7d4-57fe1d3ff9dd}</UniqueIdentifier>
    </Filter>
    <Filter Include="Dependencies\MarkovPasswords">
      <UniqueIdentifier>{ab5a1a08-ca20-48d3-9c82-4fd5e43bb20a}</UniqueIdentifier>
    </Filter>
  </ItemGroup>
  <ItemGroup>
    <ClCompile Include="src\Module\markopy.cpp">
      <Filter>Source Files\Module</Filter>
    </ClCompile>
    <ClCompile Include="..\MarkovModel\src\edge.cpp">
      <Filter>Dependencies\MarkovModel</Filter>
    </ClCompile>
    <ClCompile Include="..\MarkovModel\src\model.cpp">
      <Filter>Dependencies\MarkovModel</Filter>
    </ClCompile>
    <ClCompile Include="..\MarkovModel\src\node.cpp">
      <Filter>Dependencies\MarkovModel</Filter>
    </ClCompile>
    <ClCompile Include="..\MarkovPasswords\src\markovPasswords.cpp">
      <Filter>Dependencies\MarkovPasswords</Filter>
    </ClCompile>
  </ItemGroup>
  <ItemGroup>
    <None Include="src\CLI\markopy_cli.py">
      <Filter>Source Files\CLI</Filter>
    </None>
  </ItemGroup>
</Project>