<?xml version="1.0" encoding="utf-8"?>
<Project ToolsVersion="4.0" xmlns="http://schemas.microsoft.com/developer/msbuild/2003">
  <ItemGroup>
    <Filter Include="Source Files">
      <UniqueIdentifier>{e1ec9855-e976-42be-b815-9d7b42f6e4f1}</UniqueIdentifier>
    </Filter>
    <Filter Include="Header Files">
      <UniqueIdentifier>{11eb7e44-3e7d-4cbd-ba72-91bc3a693a65}</UniqueIdentifier>
    </Filter>
    <Filter Include="Dependencies">
      <UniqueIdentifier>{174ef79e-6321-4d4c-90b7-96704e1e0f2c}</UniqueIdentifier>
    </Filter>
  </ItemGroup>
  <ItemGroup>
    <CudaCompile Include="src\cudaDeviceController.cu">
      <Filter>Source Files</Filter>
    </CudaCompile>
    <CudaCompile Include="src\cudaModelMatrix.cu">
      <Filter>Source Files</Filter>
    </CudaCompile>
    <CudaCompile Include="src\main.cu">
      <Filter>Source Files</Filter>
    </CudaCompile>
  </ItemGroup>
  <ItemGroup>
    <ClInclude Include="src\cudaDeviceController.h">
      <Filter>Header Files</Filter>
    </ClInclude>
    <ClInclude Include="src\cudaModelMatrix.h">
      <Filter>Header Files</Filter>
    </ClInclude>
    <ClInclude Include="src\cudarandom.h">
      <Filter>Header Files</Filter>
    </ClInclude>
  </ItemGroup>
  <ItemGroup>
    <ClCompile Include="..\MarkovPasswords\src\markovPasswords.cpp">
      <Filter>Dependencies</Filter>
    </ClCompile>
    <ClCompile Include="..\MarkovPasswords\src\modelMatrix.cpp">
      <Filter>Dependencies</Filter>
    </ClCompile>
    <ClCompile Include="..\MarkovPasswords\src\threadSharedListHandler.cpp">
      <Filter>Dependencies</Filter>
    </ClCompile>
  </ItemGroup>
</Project>