<?xml version="1.0" encoding="utf-8"?>
<Project ToolsVersion="4.0" xmlns="http://schemas.microsoft.com/developer/msbuild/2003">
  <ItemGroup>
    <Filter Include="Source Files">
      <UniqueIdentifier>{4FC737F1-C7A5-4376-A066-2A32D752A2FF}</UniqueIdentifier>
      <Extensions>cpp;c;cc;cxx;def;odl;idl;hpj;bat;asm;asmx</Extensions>
    </Filter>
    <Filter Include="Header Files">
      <UniqueIdentifier>{93995380-89BD-4b04-88EB-625FBE52EBFB}</UniqueIdentifier>
      <Extensions>h;hh;hpp;hxx;hm;inl;inc;xsd</Extensions>
    </Filter>
    <Filter Include="Resource Files">
      <UniqueIdentifier>{67DA6AB6-F800-4c08-8B7A-83BB121AAD01}</UniqueIdentifier>
      <Extensions>rc;ico;cur;bmp;dlg;rc2;rct;bin;rgs;gif;jpg;jpeg;jpe;resx;tiff;tif;png;wav;mfcribbon-ms</Extensions>
    </Filter>
    <Filter Include="Form Files">
      <UniqueIdentifier>{99349809-55BA-4b9d-BF79-8FDBB0286EB3}</UniqueIdentifier>
      <Extensions>ui</Extensions>
    </Filter>
    <Filter Include="Resource Files">
      <UniqueIdentifier>{D9D6E242-F8AF-46E4-B9FD-80ECBC20BA3E}</UniqueIdentifier>
      <Extensions>qrc;*</Extensions>
      <ParseFiles>false</ParseFiles>
    </Filter>
    <Filter Include="Source Files\views">
      <UniqueIdentifier>{3c3f933a-cec8-4731-b7a0-77b5b4b2e1cb}</UniqueIdentifier>
    </Filter>
  </ItemGroup>
  <ItemGroup>
    <QtRcc Include="MarkovPasswordsGUI.qrc">
      <Filter>Resource Files</Filter>
    </QtRcc>
    <QtUic Include="MarkovPasswordsGUI.ui">
      <Filter>Resource Files</Filter>
    </QtUic>
  </ItemGroup>
  <ItemGroup>
    <None Include="views\example.html">
      <Filter>Source Files\views</Filter>
    </None>
    <None Include="views\model.htm">
      <Filter>Source Files\views</Filter>
    </None>
    <None Include="views\HTMLPage.htm">
      <Filter>Source Files\views</Filter>
    </None>
    <None Include="comparison.htm">
      <Filter>Source Files\views</Filter>
    </None>
  </ItemGroup>
  <ItemGroup>
    <ClCompile Include="src\main.cpp">
      <Filter>Source Files</Filter>
    </ClCompile>
    <ClCompile Include="src\MarkovPasswordsGUI.cpp">
      <Filter>Source Files</Filter>
    </ClCompile>
    <ClCompile Include="src\menu.cpp">
      <Filter>Source Files</Filter>
    </ClCompile>
    <ClCompile Include="about.cpp">
      <Filter>Source Files</Filter>
    </ClCompile>
    <ClCompile Include="CLI.cpp">
      <Filter>Source Files</Filter>
    </ClCompile>
    <ClCompile Include="Train.cpp">
      <Filter>Source Files</Filter>
    </ClCompile>
    <ClCompile Include="Generate.cpp">
      <Filter>Source Files</Filter>
    </ClCompile>
    <ClCompile Include="..\MarkovPasswords\src\markovPasswords.cpp">
      <Filter>Source Files</Filter>
    </ClCompile>
  </ItemGroup>
  <ItemGroup>
    <QtMoc Include="src\MarkovPasswordsGUI.h">
      <Filter>Header Files</Filter>
    </QtMoc>
    <QtMoc Include="src\menu.h">
      <Filter>Header Files</Filter>
    </QtMoc>
    <QtMoc Include="src\CLI.h">
      <Filter>Source Files</Filter>
    </QtMoc>
    <QtMoc Include="src\Train.h">
      <Filter>Source Files</Filter>
    </QtMoc>
    <QtMoc Include="src\about.h">
      <Filter>Source Files</Filter>
    </QtMoc>
    <QtMoc Include="Generate.h">
      <Filter>Source Files</Filter>
    </QtMoc>
  </ItemGroup>
  <ItemGroup>
    <QtUic Include="menu.ui">
      <Filter>Resource Files</Filter>
    </QtUic>
    <QtUic Include="about.ui">
      <Filter>Resource Files</Filter>
    </QtUic>
    <QtUic Include="CLI.ui">
      <Filter>Resource Files</Filter>
    </QtUic>
    <QtUic Include="Comparison.ui">
      <Filter>Resource Files</Filter>
    </QtUic>
    <QtUic Include="Train.ui">
      <Filter>Resource Files</Filter>
    </QtUic>
    <QtUic Include="Generate.ui">
      <Filter>Resource Files</Filter>
    </QtUic>
  </ItemGroup>
  <ItemGroup>
    <Image Include="views\startup.jpg">
      <Filter>Source Files\views</Filter>
    </Image>
    <Image Include="..\..\..\..\Desktop\hackback.jpg">
      <Filter>Source Files\views</Filter>
    </Image>
  </ItemGroup>
  <ItemGroup>
    <Text Include="word.txt">
      <Filter>Source Files</Filter>
    </Text>
  </ItemGroup>
</Project>